PODS:
  - AMap3DMap-NO-IDFA (6.9.0):
    - AMapFoundation-NO-IDFA (~> 1.5)
  - AMapFoundation-NO-IDFA (1.5.6)
  - AMapLocation-NO-IDFA (2.6.2):
    - AMapFoundation-NO-IDFA (~> 1.4)
  - AMapNavi-NO-IDFA (6.8.0):
    - AMap3DMap-NO-IDFA (~> 6.7)
    - AMapFoundation-NO-IDFA (~> 1.5)
  - Flutter (1.0.0)
  - fluttertoast (0.0.2):
    - Flutter
  - image_picker (0.0.1):
    - Flutter
  - shared_preferences (0.0.1):
    - Flutter

DEPENDENCIES:
  - AMapLocation-NO-IDFA
  - AMapNavi-NO-IDFA
  - Flutter (from `.symlinks/flutter/ios`)
  - fluttertoast (from `.symlinks/plugins/fluttertoast/ios`)
  - image_picker (from `.symlinks/plugins/image_picker/ios`)
  - shared_preferences (from `.symlinks/plugins/shared_preferences/ios`)

EXTERNAL SOURCES:
  Flutter:
    :path: .symlinks/flutter/ios
  fluttertoast:
    :path: .symlinks/plugins/fluttertoast/ios
  image_picker:
    :path: .symlinks/plugins/image_picker/ios
  shared_preferences:
    :path: .symlinks/plugins/shared_preferences/ios

SPEC CHECKSUMS:
  AMap3DMap-NO-IDFA: ffb000a25913efcdc5d979faa54a78655965bc23
  AMapFoundation-NO-IDFA: 40d723b352992d0f95abe2976f0c0ecda3c3ffc3
  AMapLocation-NO-IDFA: d7792c8c516f415e186f1bc25946f1a58ca6a583
  AMapNavi-NO-IDFA: 93c9e767a120472ace590f53a7917595822bde2c
  Flutter: 9d0fac939486c9aba2809b7982dfdbb47a7b0296
  fluttertoast: 0a20dcbbb8ecfd1a61b6285651ff2d5989d033fb
  image_picker: ee00aab0487cedc80a304085219503cc6d0f2e22
  shared_preferences: 5a1d487c427ee18fcd3ea1f2a131569481834b53

PODFILE CHECKSUM: 7da97d181bfc6051496a705510c3606f22719f88

COCOAPODS: 1.4.0
